
Microsoft Visual Studio Solution File, Format Version 12.00
# Visual Studio Version 17
VisualStudioVersion = 17.0.32126.317
MinimumVisualStudioVersion = 10.0.40219.1
Project("{FAE04EC0-301F-11D3-BF4B-00C04F79EFBC}") = "OpenTap.Plugins.Plotly", "OpenTap.Plugins.Plotly\OpenTap.Plugins.Plotly.csproj", "{C40C70A8-C3A8-4D9C-AF97-E35E58C8FAB3}"
EndProject
Global
	GlobalSection(SolutionConfigurationPlatforms) = preSolution
		Debug|Any CPU = Debug|Any CPU
		Release|Any CPU = Release|Any CPU
	EndGlobalSection
	GlobalSection(ProjectConfigurationPlatforms) = postSolution
		{C40C70A8-C3A8-4D9C-AF97-E35E58C8FAB3}.Debug|Any CPU.ActiveCfg = Debug|Any CPU
		{C40C70A8-C3A8-4D9C-AF97-E35E58C8FAB3}.Debug|Any CPU.Build.0 = Debug|Any CPU
		{C40C70A8-C3A8-4D9C-AF97-E35E58C8FAB3}.Release|Any CPU.ActiveCfg = Release|Any CPU
		{C40C70A8-C3A8-4D9C-AF97-E35E58C8FAB3}.Release|Any CPU.Build.0 = Release|Any CPU
	EndGlobalSection
	GlobalSection(SolutionProperties) = preSolution
		HideSolutionNode = FALSE
	EndGlobalSection
	GlobalSection(ExtensibilityGlobals) = postSolution
		SolutionGuid = {048D3D44-BC19-4F1E-A622-80C390F9FAFC}
	EndGlobalSection
EndGlobal
